
Microsoft Visual Studio Solution File, Format Version 12.00
# Visual Studio Version 17
VisualStudioVersion = 17.4.33122.133
MinimumVisualStudioVersion = 10.0.40219.1
Project("{FAE04EC0-301F-11D3-BF4B-00C04F79EFBC}") = "Proj_01", "Proj_01\Proj_01.csproj", "{199DA898-A7DE-42B7-8198-341882B559EE}"
EndProject
Global
	GlobalSection(SolutionConfigurationPlatforms) = preSolution
		Debug|Any CPU = Debug|Any CPU
		Release|Any CPU = Release|Any CPU
	EndGlobalSection
	GlobalSection(ProjectConfigurationPlatforms) = postSolution
		{199DA898-A7DE-42B7-8198-341882B559EE}.Debug|Any CPU.ActiveCfg = Debug|Any CPU
		{199DA898-A7DE-42B7-8198-341882B559EE}.Debug|Any CPU.Build.0 = Debug|Any CPU
		{199DA898-A7DE-42B7-8198-341882B559EE}.Release|Any CPU.ActiveCfg = Release|Any CPU
		{199DA898-A7DE-42B7-8198-341882B559EE}.Release|Any CPU.Build.0 = Release|Any CPU
	EndGlobalSection
	GlobalSection(SolutionProperties) = preSolution
		HideSolutionNode = FALSE
	EndGlobalSection
	GlobalSection(ExtensibilityGlobals) = postSolution
		SolutionGuid = {4C71FA5E-6CAD-45DE-88FC-3A70A7746970}
	EndGlobalSection
EndGlobal
